
Microsoft Visual Studio Solution File, Format Version 12.00
# Visual Studio Version 16
VisualStudioVersion = 16.0.30114.105
MinimumVisualStudioVersion = 10.0.40219.1
Project("{2150E333-8FDC-42A3-9474-1A3956D46DE8}") = "src", "src", "{4497A5D0-9DF5-4457-A054-A26EC82E5EEA}"
EndProject
Project("{FAE04EC0-301F-11D3-BF4B-00C04F79EFBC}") = "consoleapp", "src\consoleapp\consoleapp.csproj", "{A46A2EE0-3AAE-4DD4-9EB5-26AD4FF27E68}"
EndProject
Project("{FAE04EC0-301F-11D3-BF4B-00C04F79EFBC}") = "webapp", "src\webapp\webapp.csproj", "{2F058CA6-841B-4A0F-9FB3-ABDC28F04446}"
EndProject
Global
	GlobalSection(SolutionConfigurationPlatforms) = preSolution
		Debug|Any CPU = Debug|Any CPU
		Debug|x64 = Debug|x64
		Debug|x86 = Debug|x86
		Release|Any CPU = Release|Any CPU
		Release|x64 = Release|x64
		Release|x86 = Release|x86
	EndGlobalSection
	GlobalSection(SolutionProperties) = preSolution
		HideSolutionNode = FALSE
	EndGlobalSection
	GlobalSection(ProjectConfigurationPlatforms) = postSolution
		{A46A2EE0-3AAE-4DD4-9EB5-26AD4FF27E68}.Debug|Any CPU.ActiveCfg = Debug|Any CPU
		{A46A2EE0-3AAE-4DD4-9EB5-26AD4FF27E68}.Debug|Any CPU.Build.0 = Debug|Any CPU
		{A46A2EE0-3AAE-4DD4-9EB5-26AD4FF27E68}.Debug|x64.ActiveCfg = Debug|Any CPU
		{A46A2EE0-3AAE-4DD4-9EB5-26AD4FF27E68}.Debug|x64.Build.0 = Debug|Any CPU
		{A46A2EE0-3AAE-4DD4-9EB5-26AD4FF27E68}.Debug|x86.ActiveCfg = Debug|Any CPU
		{A46A2EE0-3AAE-4DD4-9EB5-26AD4FF27E68}.Debug|x86.Build.0 = Debug|Any CPU
		{A46A2EE0-3AAE-4DD4-9EB5-26AD4FF27E68}.Release|Any CPU.ActiveCfg = Release|Any CPU
		{A46A2EE0-3AAE-4DD4-9EB5-26AD4FF27E68}.Release|Any CPU.Build.0 = Release|Any CPU
		{A46A2EE0-3AAE-4DD4-9EB5-26AD4FF27E68}.Release|x64.ActiveCfg = Release|Any CPU
		{A46A2EE0-3AAE-4DD4-9EB5-26AD4FF27E68}.Release|x64.Build.0 = Release|Any CPU
		{A46A2EE0-3AAE-4DD4-9EB5-26AD4FF27E68}.Release|x86.ActiveCfg = Release|Any CPU
		{A46A2EE0-3AAE-4DD4-9EB5-26AD4FF27E68}.Release|x86.Build.0 = Release|Any CPU
		{2F058CA6-841B-4A0F-9FB3-ABDC28F04446}.Debug|Any CPU.ActiveCfg = Debug|Any CPU
		{2F058CA6-841B-4A0F-9FB3-ABDC28F04446}.Debug|Any CPU.Build.0 = Debug|Any CPU
		{2F058CA6-841B-4A0F-9FB3-ABDC28F04446}.Debug|x64.ActiveCfg = Debug|Any CPU
		{2F058CA6-841B-4A0F-9FB3-ABDC28F04446}.Debug|x64.Build.0 = Debug|Any CPU
		{2F058CA6-841B-4A0F-9FB3-ABDC28F04446}.Debug|x86.ActiveCfg = Debug|Any CPU
		{2F058CA6-841B-4A0F-9FB3-ABDC28F04446}.Debug|x86.Build.0 = Debug|Any CPU
		{2F058CA6-841B-4A0F-9FB3-ABDC28F04446}.Release|Any CPU.ActiveCfg = Release|Any CPU
		{2F058CA6-841B-4A0F-9FB3-ABDC28F04446}.Release|Any CPU.Build.0 = Release|Any CPU
		{2F058CA6-841B-4A0F-9FB3-ABDC28F04446}.Release|x64.ActiveCfg = Release|Any CPU
		{2F058CA6-841B-4A0F-9FB3-ABDC28F04446}.Release|x64.Build.0 = Release|Any CPU
		{2F058CA6-841B-4A0F-9FB3-ABDC28F04446}.Release|x86.ActiveCfg = Release|Any CPU
		{2F058CA6-841B-4A0F-9FB3-ABDC28F04446}.Release|x86.Build.0 = Release|Any CPU
	EndGlobalSection
	GlobalSection(NestedProjects) = preSolution
		{A46A2EE0-3AAE-4DD4-9EB5-26AD4FF27E68} = {4497A5D0-9DF5-4457-A054-A26EC82E5EEA}
		{2F058CA6-841B-4A0F-9FB3-ABDC28F04446} = {4497A5D0-9DF5-4457-A054-A26EC82E5EEA}
	EndGlobalSection
EndGlobal
